{
  "name": "web",
  "version": "1.0.0",
  "lockfileVersion": 2,
  "requires": true,
  "packages": {
    "": {
      "name": "web",
      "version": "1.0.0",
      "license": "ISC",
      "dependencies": {
        "@picovoice/porcupine-web-en-worker": "^2.0.2",
        "@picovoice/web-voice-processor": "^2.1.2"
      }
    },
    "node_modules/@babel/runtime": {
      "version": "7.16.7",
      "resolved": "https://registry.npmjs.org/@babel/runtime/-/runtime-7.16.7.tgz",
      "integrity": "sha512-9E9FJowqAsytyOY6LG+1KuueckRL+aQW+mKvXRXnuFGyRAyepJPmEo9vgMfXUA6O9u3IeEdv9MAkppFcaQwogQ==",
      "dependencies": {
        "regenerator-runtime": "^0.13.4"
      },
      "engines": {
        "node": ">=6.9.0"
      }
    },
    "node_modules/@picovoice/porcupine-web-en-worker": {
      "version": "2.0.2",
      "resolved": "https://registry.npmjs.org/@picovoice/porcupine-web-en-worker/-/porcupine-web-en-worker-2.0.2.tgz",
      "integrity": "sha512-FbsQca3ebnaX4u/N/WP7c6uicqgvQHbgKHhidccrLjG9CVO5zyCVMgvzvQ+D+XzXwEbc9RvXe9ZfMdZLDSTZ0A=="
    },
    "node_modules/@picovoice/web-voice-processor": {
      "version": "2.1.2",
      "resolved": "https://registry.npmjs.org/@picovoice/web-voice-processor/-/web-voice-processor-2.1.2.tgz",
      "integrity": "sha512-tDOFQtB79SX4m44Oj3W7I2q7Qvdwc52gJDHT1JXw80mJaog7RLRRUd7vANlGT0nJmhUWjYE7fxlEctPf2dyJcA==",
      "dependencies": {
        "@babel/runtime": "^7.12.18"
      }
    },
    "node_modules/regenerator-runtime": {
      "version": "0.13.9",
      "resolved": "https://registry.npmjs.org/regenerator-runtime/-/regenerator-runtime-0.13.9.tgz",
      "integrity": "sha512-p3VT+cOEgxFsRRA9X4lkI1E+k2/CtnKtU4gcxyaCUreilL/vqI6CdZ3wxVUx3UOUg+gnUOQQcRI7BmSI656MYA=="
    }
  },
  "dependencies": {
    "@babel/runtime": {
      "version": "7.16.7",
      "resolved": "https://registry.npmjs.org/@babel/runtime/-/runtime-7.16.7.tgz",
      "integrity": "sha512-9E9FJowqAsytyOY6LG+1KuueckRL+aQW+mKvXRXnuFGyRAyepJPmEo9vgMfXUA6O9u3IeEdv9MAkppFcaQwogQ==",
      "requires": {
        "regenerator-runtime": "^0.13.4"
      }
    },
    "@picovoice/porcupine-web-en-worker": {
      "version": "2.0.2",
      "resolved": "https://registry.npmjs.org/@picovoice/porcupine-web-en-worker/-/porcupine-web-en-worker-2.0.2.tgz",
      "integrity": "sha512-FbsQca3ebnaX4u/N/WP7c6uicqgvQHbgKHhidccrLjG9CVO5zyCVMgvzvQ+D+XzXwEbc9RvXe9ZfMdZLDSTZ0A=="
    },
    "@picovoice/web-voice-processor": {
      "version": "2.1.2",
      "resolved": "https://registry.npmjs.org/@picovoice/web-voice-processor/-/web-voice-processor-2.1.2.tgz",
      "integrity": "sha512-tDOFQtB79SX4m44Oj3W7I2q7Qvdwc52gJDHT1JXw80mJaog7RLRRUd7vANlGT0nJmhUWjYE7fxlEctPf2dyJcA==",
      "requires": {
        "@babel/runtime": "^7.12.18"
      }
    },
    "regenerator-runtime": {
      "version": "0.13.9",
      "resolved": "https://registry.npmjs.org/regenerator-runtime/-/regenerator-runtime-0.13.9.tgz",
      "integrity": "sha512-p3VT+cOEgxFsRRA9X4lkI1E+k2/CtnKtU4gcxyaCUreilL/vqI6CdZ3wxVUx3UOUg+gnUOQQcRI7BmSI656MYA=="
    }
  }
}
